
Microsoft Visual Studio Solution File, Format Version 12.00
# Visual Studio 15
VisualStudioVersion = 15.0.28307.1209
MinimumVisualStudioVersion = 10.0.40219.1
Project("{FAE04EC0-301F-11D3-BF4B-00C04F79EFBC}") = "BlindMaze.Android", "BlindMaze\BlindMaze.Android\BlindMaze.Android.csproj", "{0F0DC201-B31F-4776-B577-25FDD600D1A0}"
EndProject
Project("{FAE04EC0-301F-11D3-BF4B-00C04F79EFBC}") = "BlindMaze.iOS", "BlindMaze\BlindMaze.iOS\BlindMaze.iOS.csproj", "{0ED1FB4C-05A4-47BA-B205-20EC674D4149}"
EndProject
Project("{FAE04EC0-301F-11D3-BF4B-00C04F79EFBC}") = "BlindMaze", "BlindMaze\BlindMaze\BlindMaze.csproj", "{49527F5A-C3C2-45DA-BD06-084FAB4E4B21}"
EndProject
Global
	GlobalSection(SolutionConfigurationPlatforms) = preSolution
		Ad-Hoc|Any CPU = Ad-Hoc|Any CPU
		Ad-Hoc|iPhone = Ad-Hoc|iPhone
		Ad-Hoc|iPhoneSimulator = Ad-Hoc|iPhoneSimulator
		AppStore|Any CPU = AppStore|Any CPU
		AppStore|iPhone = AppStore|iPhone
		AppStore|iPhoneSimulator = AppStore|iPhoneSimulator
		Debug|Any CPU = Debug|Any CPU
		Debug|iPhone = Debug|iPhone
		Debug|iPhoneSimulator = Debug|iPhoneSimulator
		Release|Any CPU = Release|Any CPU
		Release|iPhone = Release|iPhone
		Release|iPhoneSimulator = Release|iPhoneSimulator
	EndGlobalSection
	GlobalSection(ProjectConfigurationPlatforms) = postSolution
		{0F0DC201-B31F-4776-B577-25FDD600D1A0}.Ad-Hoc|Any CPU.ActiveCfg = Release|Any CPU
		{0F0DC201-B31F-4776-B577-25FDD600D1A0}.Ad-Hoc|Any CPU.Build.0 = Release|Any CPU
		{0F0DC201-B31F-4776-B577-25FDD600D1A0}.Ad-Hoc|Any CPU.Deploy.0 = Release|Any CPU
		{0F0DC201-B31F-4776-B577-25FDD600D1A0}.Ad-Hoc|iPhone.ActiveCfg = Release|Any CPU
		{0F0DC201-B31F-4776-B577-25FDD600D1A0}.Ad-Hoc|iPhone.Build.0 = Release|Any CPU
		{0F0DC201-B31F-4776-B577-25FDD600D1A0}.Ad-Hoc|iPhone.Deploy.0 = Release|Any CPU
		{0F0DC201-B31F-4776-B577-25FDD600D1A0}.Ad-Hoc|iPhoneSimulator.ActiveCfg = Release|Any CPU
		{0F0DC201-B31F-4776-B577-25FDD600D1A0}.Ad-Hoc|iPhoneSimulator.Build.0 = Release|Any CPU
		{0F0DC201-B31F-4776-B577-25FDD600D1A0}.Ad-Hoc|iPhoneSimulator.Deploy.0 = Release|Any CPU
		{0F0DC201-B31F-4776-B577-25FDD600D1A0}.AppStore|Any CPU.ActiveCfg = Release|Any CPU
		{0F0DC201-B31F-4776-B577-25FDD600D1A0}.AppStore|Any CPU.Build.0 = Release|Any CPU
		{0F0DC201-B31F-4776-B577-25FDD600D1A0}.AppStore|Any CPU.Deploy.0 = Release|Any CPU
		{0F0DC201-B31F-4776-B577-25FDD600D1A0}.AppStore|iPhone.ActiveCfg = Release|Any CPU
		{0F0DC201-B31F-4776-B577-25FDD600D1A0}.AppStore|iPhone.Build.0 = Release|Any CPU
		{0F0DC201-B31F-4776-B577-25FDD600D1A0}.AppStore|iPhone.Deploy.0 = Release|Any CPU
		{0F0DC201-B31F-4776-B577-25FDD600D1A0}.AppStore|iPhoneSimulator.ActiveCfg = Release|Any CPU
		{0F0DC201-B31F-4776-B577-25FDD600D1A0}.AppStore|iPhoneSimulator.Build.0 = Release|Any CPU
		{0F0DC201-B31F-4776-B577-25FDD600D1A0}.AppStore|iPhoneSimulator.Deploy.0 = Release|Any CPU
		{0F0DC201-B31F-4776-B577-25FDD600D1A0}.Debug|Any CPU.ActiveCfg = Debug|Any CPU
		{0F0DC201-B31F-4776-B577-25FDD600D1A0}.Debug|Any CPU.Build.0 = Debug|Any CPU
		{0F0DC201-B31F-4776-B577-25FDD600D1A0}.Debug|Any CPU.Deploy.0 = Debug|Any CPU
		{0F0DC201-B31F-4776-B577-25FDD600D1A0}.Debug|iPhone.ActiveCfg = Debug|Any CPU
		{0F0DC201-B31F-4776-B577-25FDD600D1A0}.Debug|iPhone.Build.0 = Debug|Any CPU
		{0F0DC201-B31F-4776-B577-25FDD600D1A0}.Debug|iPhone.Deploy.0 = Debug|Any CPU
		{0F0DC201-B31F-4776-B577-25FDD600D1A0}.Debug|iPhoneSimulator.ActiveCfg = Debug|Any CPU
		{0F0DC201-B31F-4776-B577-25FDD600D1A0}.Debug|iPhoneSimulator.Build.0 = Debug|Any CPU
		{0F0DC201-B31F-4776-B577-25FDD600D1A0}.Debug|iPhoneSimulator.Deploy.0 = Debug|Any CPU
		{0F0DC201-B31F-4776-B577-25FDD600D1A0}.Release|Any CPU.ActiveCfg = Release|Any CPU
		{0F0DC201-B31F-4776-B577-25FDD600D1A0}.Release|Any CPU.Build.0 = Release|Any CPU
		{0F0DC201-B31F-4776-B577-25FDD600D1A0}.Release|Any CPU.Deploy.0 = Release|Any CPU
		{0F0DC201-B31F-4776-B577-25FDD600D1A0}.Release|iPhone.ActiveCfg = Release|Any CPU
		{0F0DC201-B31F-4776-B577-25FDD600D1A0}.Release|iPhone.Build.0 = Release|Any CPU
		{0F0DC201-B31F-4776-B577-25FDD600D1A0}.Release|iPhone.Deploy.0 = Release|Any CPU
		{0F0DC201-B31F-4776-B577-25FDD600D1A0}.Release|iPhoneSimulator.ActiveCfg = Release|Any CPU
		{0F0DC201-B31F-4776-B577-25FDD600D1A0}.Release|iPhoneSimulator.Build.0 = Release|Any CPU
		{0F0DC201-B31F-4776-B577-25FDD600D1A0}.Release|iPhoneSimulator.Deploy.0 = Release|Any CPU
		{0ED1FB4C-05A4-47BA-B205-20EC674D4149}.Ad-Hoc|Any CPU.ActiveCfg = Ad-Hoc|iPhone
		{0ED1FB4C-05A4-47BA-B205-20EC674D4149}.Ad-Hoc|Any CPU.Build.0 = Ad-Hoc|iPhone
		{0ED1FB4C-05A4-47BA-B205-20EC674D4149}.Ad-Hoc|Any CPU.Deploy.0 = Ad-Hoc|iPhone
		{0ED1FB4C-05A4-47BA-B205-20EC674D4149}.Ad-Hoc|iPhone.ActiveCfg = Ad-Hoc|iPhone
		{0ED1FB4C-05A4-47BA-B205-20EC674D4149}.Ad-Hoc|iPhone.Build.0 = Ad-Hoc|iPhone
		{0ED1FB4C-05A4-47BA-B205-20EC674D4149}.Ad-Hoc|iPhone.Deploy.0 = Ad-Hoc|iPhone
		{0ED1FB4C-05A4-47BA-B205-20EC674D4149}.Ad-Hoc|iPhoneSimulator.ActiveCfg = Ad-Hoc|iPhoneSimulator
		{0ED1FB4C-05A4-47BA-B205-20EC674D4149}.Ad-Hoc|iPhoneSimulator.Build.0 = Ad-Hoc|iPhoneSimulator
		{0ED1FB4C-05A4-47BA-B205-20EC674D4149}.Ad-Hoc|iPhoneSimulator.Deploy.0 = Ad-Hoc|iPhoneSimulator
		{0ED1FB4C-05A4-47BA-B205-20EC674D4149}.AppStore|Any CPU.ActiveCfg = AppStore|iPhone
		{0ED1FB4C-05A4-47BA-B205-20EC674D4149}.AppStore|Any CPU.Build.0 = AppStore|iPhone
		{0ED1FB4C-05A4-47BA-B205-20EC674D4149}.AppStore|Any CPU.Deploy.0 = AppStore|iPhone
		{0ED1FB4C-05A4-47BA-B205-20EC674D4149}.AppStore|iPhone.ActiveCfg = AppStore|iPhone
		{0ED1FB4C-05A4-47BA-B205-20EC674D4149}.AppStore|iPhone.Build.0 = AppStore|iPhone
		{0ED1FB4C-05A4-47BA-B205-20EC674D4149}.AppStore|iPhone.Deploy.0 = AppStore|iPhone
		{0ED1FB4C-05A4-47BA-B205-20EC674D4149}.AppStore|iPhoneSimulator.ActiveCfg = AppStore|iPhoneSimulator
		{0ED1FB4C-05A4-47BA-B205-20EC674D4149}.AppStore|iPhoneSimulator.Build.0 = AppStore|iPhoneSimulator
		{0ED1FB4C-05A4-47BA-B205-20EC674D4149}.AppStore|iPhoneSimulator.Deploy.0 = AppStore|iPhoneSimulator
		{0ED1FB4C-05A4-47BA-B205-20EC674D4149}.Debug|Any CPU.ActiveCfg = Debug|iPhoneSimulator
		{0ED1FB4C-05A4-47BA-B205-20EC674D4149}.Debug|Any CPU.Build.0 = Debug|iPhoneSimulator
		{0ED1FB4C-05A4-47BA-B205-20EC674D4149}.Debug|Any CPU.Deploy.0 = Debug|iPhoneSimulator
		{0ED1FB4C-05A4-47BA-B205-20EC674D4149}.Debug|iPhone.ActiveCfg = Debug|iPhone
		{0ED1FB4C-05A4-47BA-B205-20EC674D4149}.Debug|iPhone.Build.0 = Debug|iPhone
		{0ED1FB4C-05A4-47BA-B205-20EC674D4149}.Debug|iPhone.Deploy.0 = Debug|iPhone
		{0ED1FB4C-05A4-47BA-B205-20EC674D4149}.Debug|iPhoneSimulator.ActiveCfg = Debug|iPhoneSimulator
		{0ED1FB4C-05A4-47BA-B205-20EC674D4149}.Debug|iPhoneSimulator.Build.0 = Debug|iPhoneSimulator
		{0ED1FB4C-05A4-47BA-B205-20EC674D4149}.Debug|iPhoneSimulator.Deploy.0 = Debug|iPhoneSimulator
		{0ED1FB4C-05A4-47BA-B205-20EC674D4149}.Release|Any CPU.ActiveCfg = Release|iPhone
		{0ED1FB4C-05A4-47BA-B205-20EC674D4149}.Release|Any CPU.Build.0 = Release|iPhone
		{0ED1FB4C-05A4-47BA-B205-20EC674D4149}.Release|Any CPU.Deploy.0 = Release|iPhone
		{0ED1FB4C-05A4-47BA-B205-20EC674D4149}.Release|iPhone.ActiveCfg = Release|iPhone
		{0ED1FB4C-05A4-47BA-B205-20EC674D4149}.Release|iPhone.Build.0 = Release|iPhone
		{0ED1FB4C-05A4-47BA-B205-20EC674D4149}.Release|iPhone.Deploy.0 = Release|iPhone
		{0ED1FB4C-05A4-47BA-B205-20EC674D4149}.Release|iPhoneSimulator.ActiveCfg = Release|iPhoneSimulator
		{0ED1FB4C-05A4-47BA-B205-20EC674D4149}.Release|iPhoneSimulator.Build.0 = Release|iPhoneSimulator
		{0ED1FB4C-05A4-47BA-B205-20EC674D4149}.Release|iPhoneSimulator.Deploy.0 = Release|iPhoneSimulator
		{49527F5A-C3C2-45DA-BD06-084FAB4E4B21}.Ad-Hoc|Any CPU.ActiveCfg = Debug|Any CPU
		{49527F5A-C3C2-45DA-BD06-084FAB4E4B21}.Ad-Hoc|Any CPU.Build.0 = Debug|Any CPU
		{49527F5A-C3C2-45DA-BD06-084FAB4E4B21}.Ad-Hoc|Any CPU.Deploy.0 = Debug|Any CPU
		{49527F5A-C3C2-45DA-BD06-084FAB4E4B21}.Ad-Hoc|iPhone.ActiveCfg = Debug|Any CPU
		{49527F5A-C3C2-45DA-BD06-084FAB4E4B21}.Ad-Hoc|iPhone.Build.0 = Debug|Any CPU
		{49527F5A-C3C2-45DA-BD06-084FAB4E4B21}.Ad-Hoc|iPhone.Deploy.0 = Debug|Any CPU
		{49527F5A-C3C2-45DA-BD06-084FAB4E4B21}.Ad-Hoc|iPhoneSimulator.ActiveCfg = Debug|Any CPU
		{49527F5A-C3C2-45DA-BD06-084FAB4E4B21}.Ad-Hoc|iPhoneSimulator.Build.0 = Debug|Any CPU
		{49527F5A-C3C2-45DA-BD06-084FAB4E4B21}.Ad-Hoc|iPhoneSimulator.Deploy.0 = Debug|Any CPU
		{49527F5A-C3C2-45DA-BD06-084FAB4E4B21}.AppStore|Any CPU.ActiveCfg = Debug|Any CPU
		{49527F5A-C3C2-45DA-BD06-084FAB4E4B21}.AppStore|Any CPU.Build.0 = Debug|Any CPU
		{49527F5A-C3C2-45DA-BD06-084FAB4E4B21}.AppStore|Any CPU.Deploy.0 = Debug|Any CPU
		{49527F5A-C3C2-45DA-BD06-084FAB4E4B21}.AppStore|iPhone.ActiveCfg = Debug|Any CPU
		{49527F5A-C3C2-45DA-BD06-084FAB4E4B21}.AppStore|iPhone.Build.0 = Debug|Any CPU
		{49527F5A-C3C2-45DA-BD06-084FAB4E4B21}.AppStore|iPhone.Deploy.0 = Debug|Any CPU
		{49527F5A-C3C2-45DA-BD06-084FAB4E4B21}.AppStore|iPhoneSimulator.ActiveCfg = Debug|Any CPU
		{49527F5A-C3C2-45DA-BD06-084FAB4E4B21}.AppStore|iPhoneSimulator.Build.0 = Debug|Any CPU
		{49527F5A-C3C2-45DA-BD06-084FAB4E4B21}.AppStore|iPhoneSimulator.Deploy.0 = Debug|Any CPU
		{49527F5A-C3C2-45DA-BD06-084FAB4E4B21}.Debug|Any CPU.ActiveCfg = Debug|Any CPU
		{49527F5A-C3C2-45DA-BD06-084FAB4E4B21}.Debug|Any CPU.Build.0 = Debug|Any CPU
		{49527F5A-C3C2-45DA-BD06-084FAB4E4B21}.Debug|Any CPU.Deploy.0 = Debug|Any CPU
		{49527F5A-C3C2-45DA-BD06-084FAB4E4B21}.Debug|iPhone.ActiveCfg = Debug|Any CPU
		{49527F5A-C3C2-45DA-BD06-084FAB4E4B21}.Debug|iPhone.Build.0 = Debug|Any CPU
		{49527F5A-C3C2-45DA-BD06-084FAB4E4B21}.Debug|iPhone.Deploy.0 = Debug|Any CPU
		{49527F5A-C3C2-45DA-BD06-084FAB4E4B21}.Debug|iPhoneSimulator.ActiveCfg = Debug|Any CPU
		{49527F5A-C3C2-45DA-BD06-084FAB4E4B21}.Debug|iPhoneSimulator.Build.0 = Debug|Any CPU
		{49527F5A-C3C2-45DA-BD06-084FAB4E4B21}.Debug|iPhoneSimulator.Deploy.0 = Debug|Any CPU
		{49527F5A-C3C2-45DA-BD06-084FAB4E4B21}.Release|Any CPU.ActiveCfg = Release|Any CPU
		{49527F5A-C3C2-45DA-BD06-084FAB4E4B21}.Release|Any CPU.Build.0 = Release|Any CPU
		{49527F5A-C3C2-45DA-BD06-084FAB4E4B21}.Release|Any CPU.Deploy.0 = Release|Any CPU
		{49527F5A-C3C2-45DA-BD06-084FAB4E4B21}.Release|iPhone.ActiveCfg = Release|Any CPU
		{49527F5A-C3C2-45DA-BD06-084FAB4E4B21}.Release|iPhone.Build.0 = Release|Any CPU
		{49527F5A-C3C2-45DA-BD06-084FAB4E4B21}.Release|iPhone.Deploy.0 = Release|Any CPU
		{49527F5A-C3C2-45DA-BD06-084FAB4E4B21}.Release|iPhoneSimulator.ActiveCfg = Release|Any CPU
		{49527F5A-C3C2-45DA-BD06-084FAB4E4B21}.Release|iPhoneSimulator.Build.0 = Release|Any CPU
		{49527F5A-C3C2-45DA-BD06-084FAB4E4B21}.Release|iPhoneSimulator.Deploy.0 = Release|Any CPU
	EndGlobalSection
	GlobalSection(SolutionProperties) = preSolution
		HideSolutionNode = FALSE
	EndGlobalSection
	GlobalSection(ExtensibilityGlobals) = postSolution
		SolutionGuid = {349B997B-C8AE-45B2-BB7B-72991516AF90}
	EndGlobalSection
EndGlobal
